// !$*UTF8*$!
{
	archiveVersion = 1;
	classes = {
	};
	objectVersion = 50;
	objects = {

/* Begin PBXBuildFile section */
		36A398D1227556DA00540B47 /* AppDelegate.swift in Sources */ = {isa = PBXBuildFile; fileRef = 36A398D0227556DA00540B47 /* AppDelegate.swift */; };
		36A398D3227556DA00540B47 /* ViewController.swift in Sources */ = {isa = PBXBuildFile; fileRef = 36A398D2227556DA00540B47 /* ViewController.swift */; };
		36A398D6227556DA00540B47 /* Main.storyboard in Resources */ = {isa = PBXBuildFile; fileRef = 36A398D4227556DA00540B47 /* Main.storyboard */; };
		36A398D8227556DC00540B47 /* Assets.xcassets in Resources */ = {isa = PBXBuildFile; fileRef = 36A398D7227556DC00540B47 /* Assets.xcassets */; };
		36A398DB227556DC00540B47 /* LaunchScreen.storyboard in Resources */ = {isa = PBXBuildFile; fileRef = 36A398D9227556DC00540B47 /* LaunchScreen.storyboard */; };
		36A398E6227556DC00540B47 /* CustomNavigationBarAlphaProjectTests.swift in Sources */ = {isa = PBXBuildFile; fileRef = 36A398E5227556DC00540B47 /* CustomNavigationBarAlphaProjectTests.swift */; };
		36A398F1227556DC00540B47 /* CustomNavigationBarAlphaProjectUITests.swift in Sources */ = {isa = PBXBuildFile; fileRef = 36A398F0227556DC00540B47 /* CustomNavigationBarAlphaProjectUITests.swift */; };
		36A398FF2275722B00540B47 /* CustomNavigationBar.swift in Sources */ = {isa = PBXBuildFile; fileRef = 36A398FE2275722B00540B47 /* CustomNavigationBar.swift */; };
		36A39901227573AA00540B47 /* Macro.swift in Sources */ = {isa = PBXBuildFile; fileRef = 36A39900227573AA00540B47 /* Macro.swift */; };
/* End PBXBuildFile section */

/* Begin PBXContainerItemProxy section */
		36A398E2227556DC00540B47 /* PBXContainerItemProxy */ = {
			isa = PBXContainerItemProxy;
			containerPortal = 36A398C5227556DA00540B47 /* Project object */;
			proxyType = 1;
			remoteGlobalIDString = 36A398CC227556DA00540B47;
			remoteInfo = CustomNavigationBarAlphaProject;
		};
		36A398ED227556DC00540B47 /* PBXContainerItemProxy */ = {
			isa = PBXContainerItemProxy;
			containerPortal = 36A398C5227556DA00540B47 /* Project object */;
			proxyType = 1;
			remoteGlobalIDString = 36A398CC227556DA00540B47;
			remoteInfo = CustomNavigationBarAlphaProject;
		};
/* End PBXContainerItemProxy section */

/* Begin PBXFileReference section */
		36A398CD227556DA00540B47 /* CustomNavigationBarAlphaProject.app */ = {isa = PBXFileReference; explicitFileType = wrapper.application; includeInIndex = 0; path = CustomNavigationBarAlphaProject.app; sourceTree = BUILT_PRODUCTS_DIR; };
		36A398D0227556DA00540B47 /* AppDelegate.swift */ = {isa = PBXFileReference; lastKnownFileType = sourcecode.swift; path = AppDelegate.swift; sourceTree = "<group>"; };
		36A398D2227556DA00540B47 /* ViewController.swift */ = {isa = PBXFileReference; lastKnownFileType = sourcecode.swift; path = ViewController.swift; sourceTree = "<group>"; };
		36A398D5227556DA00540B47 /* Base */ = {isa = PBXFileReference; lastKnownFileType = file.storyboard; name = Base; path = Base.lproj/Main.storyboard; sourceTree = "<group>"; };
		36A398D7227556DC00540B47 /* Assets.xcassets */ = {isa = PBXFileReference; lastKnownFileType = folder.assetcatalog; path = Assets.xcassets; sourceTree = "<group>"; };
		36A398DA227556DC00540B47 /* Base */ = {isa = PBXFileReference; lastKnownFileType = file.storyboard; name = Base; path = Base.lproj/LaunchScreen.storyboard; sourceTree = "<group>"; };
		36A398DC227556DC00540B47 /* Info.plist */ = {isa = PBXFileReference; lastKnownFileType = text.plist.xml; path = Info.plist; sourceTree = "<group>"; };
		36A398E1227556DC00540B47 /* CustomNavigationBarAlphaProjectTests.xctest */ = {isa = PBXFileReference; explicitFileType = wrapper.cfbundle; includeInIndex = 0; path = CustomNavigationBarAlphaProjectTests.xctest; sourceTree = BUILT_PRODUCTS_DIR; };
		36A398E5227556DC00540B47 /* CustomNavigationBarAlphaProjectTests.swift */ = {isa = PBXFileReference; lastKnownFileType = sourcecode.swift; path = CustomNavigationBarAlphaProjectTests.swift; sourceTree = "<group>"; };
		36A398E7227556DC00540B47 /* Info.plist */ = {isa = PBXFileReference; lastKnownFileType = text.plist.xml; path = Info.plist; sourceTree = "<group>"; };
		36A398EC227556DC00540B47 /* CustomNavigationBarAlphaProjectUITests.xctest */ = {isa = PBXFileReference; explicitFileType = wrapper.cfbundle; includeInIndex = 0; path = CustomNavigationBarAlphaProjectUITests.xctest; sourceTree = BUILT_PRODUCTS_DIR; };
		36A398F0227556DC00540B47 /* CustomNavigationBarAlphaProjectUITests.swift */ = {isa = PBXFileReference; lastKnownFileType = sourcecode.swift; path = CustomNavigationBarAlphaProjectUITests.swift; sourceTree = "<group>"; };
		36A398F2227556DC00540B47 /* Info.plist */ = {isa = PBXFileReference; lastKnownFileType = text.plist.xml; path = Info.plist; sourceTree = "<group>"; };
		36A398FE2275722B00540B47 /* CustomNavigationBar.swift */ = {isa = PBXFileReference; lastKnownFileType = sourcecode.swift; path = CustomNavigationBar.swift; sourceTree = "<group>"; };
		36A39900227573AA00540B47 /* Macro.swift */ = {isa = PBXFileReference; lastKnownFileType = sourcecode.swift; path = Macro.swift; sourceTree = "<group>"; };
/* End PBXFileReference section */

/* Begin PBXFrameworksBuildPhase section */
		36A398CA227556DA00540B47 /* Frameworks */ = {
			isa = PBXFrameworksBuildPhase;
			buildActionMask = 2147483647;
			files = (
			);
			runOnlyForDeploymentPostprocessing = 0;
		};
		36A398DE227556DC00540B47 /* Frameworks */ = {
			isa = PBXFrameworksBuildPhase;
			buildActionMask = 2147483647;
			files = (
			);
			runOnlyForDeploymentPostprocessing = 0;
		};
		36A398E9227556DC00540B47 /* Frameworks */ = {
			isa = PBXFrameworksBuildPhase;
			buildActionMask = 2147483647;
			files = (
			);
			runOnlyForDeploymentPostprocessing = 0;
		};
/* End PBXFrameworksBuildPhase section */

/* Begin PBXGroup section */
		36A398C4227556DA00540B47 = {
			isa = PBXGroup;
			children = (
				36A398CF227556DA00540B47 /* CustomNavigationBarAlphaProject */,
				36A398E4227556DC00540B47 /* CustomNavigationBarAlphaProjectTests */,
				36A398EF227556DC00540B47 /* CustomNavigationBarAlphaProjectUITests */,
				36A398CE227556DA00540B47 /* Products */,
			);
			sourceTree = "<group>";
		};
		36A398CE227556DA00540B47 /* Products */ = {
			isa = PBXGroup;
			children = (
				36A398CD227556DA00540B47 /* CustomNavigationBarAlphaProject.app */,
				36A398E1227556DC00540B47 /* CustomNavigationBarAlphaProjectTests.xctest */,
				36A398EC227556DC00540B47 /* CustomNavigationBarAlphaProjectUITests.xctest */,
			);
			name = Products;
			sourceTree = "<group>";
		};
		36A398CF227556DA00540B47 /* CustomNavigationBarAlphaProject */ = {
			isa = PBXGroup;
			children = (
				36A398D0227556DA00540B47 /* AppDelegate.swift */,
				36A398D2227556DA00540B47 /* ViewController.swift */,
				36A398FE2275722B00540B47 /* CustomNavigationBar.swift */,
				36A39900227573AA00540B47 /* Macro.swift */,
				36A398D7227556DC00540B47 /* Assets.xcassets */,
				36A398DC227556DC00540B47 /* Info.plist */,
				36A398D4227556DA00540B47 /* Main.storyboard */,
				36A398D9227556DC00540B47 /* LaunchScreen.storyboard */,
			);
			path = CustomNavigationBarAlphaProject;
			sourceTree = "<group>";
		};
		36A398E4227556DC00540B47 /* CustomNavigationBarAlphaProjectTests */ = {
			isa = PBXGroup;
			children = (
				36A398E5227556DC00540B47 /* CustomNavigationBarAlphaProjectTests.swift */,
				36A398E7227556DC00540B47 /* Info.plist */,
			);
			path = CustomNavigationBarAlphaProjectTests;
			sourceTree = "<group>";
		};
		36A398EF227556DC00540B47 /* CustomNavigationBarAlphaProjectUITests */ = {
			isa = PBXGroup;
			children = (
				36A398F0227556DC00540B47 /* CustomNavigationBarAlphaProjectUITests.swift */,
				36A398F2227556DC00540B47 /* Info.plist */,
			);
			path = CustomNavigationBarAlphaProjectUITests;
			sourceTree = "<group>";
		};
/* End PBXGroup section */

/* Begin PBXNativeTarget section */
		36A398CC227556DA00540B47 /* CustomNavigationBarAlphaProject */ = {
			isa = PBXNativeTarget;
			buildConfigurationList = 36A398F5227556DC00540B47 /* Build configuration list for PBXNativeTarget "CustomNavigationBarAlphaProject" */;
			buildPhases = (
				36A398C9227556DA00540B47 /* Sources */,
				36A398CA227556DA00540B47 /* Frameworks */,
				36A398CB227556DA00540B47 /* Resources */,
			);
			buildRules = (
			);
			dependencies = (
			);
			name = CustomNavigationBarAlphaProject;
			productName = CustomNavigationBarAlphaProject;
			productReference = 36A398CD227556DA00540B47 /* CustomNavigationBarAlphaProject.app */;
			productType = "com.apple.product-type.application";
		};
		36A398E0227556DC00540B47 /* CustomNavigationBarAlphaProjectTests */ = {
			isa = PBXNativeTarget;
			buildConfigurationList = 36A398F8227556DC00540B47 /* Build configuration list for PBXNativeTarget "CustomNavigationBarAlphaProjectTests" */;
			buildPhases = (
				36A398DD227556DC00540B47 /* Sources */,
				36A398DE227556DC00540B47 /* Frameworks */,
				36A398DF227556DC00540B47 /* Resources */,
			);
			buildRules = (
			);
			dependencies = (
				36A398E3227556DC00540B47 /* PBXTargetDependency */,
			);
			name = CustomNavigationBarAlphaProjectTests;
			productName = CustomNavigationBarAlphaProjectTests;
			productReference = 36A398E1227556DC00540B47 /* CustomNavigationBarAlphaProjectTests.xctest */;
			productType = "com.apple.product-type.bundle.unit-test";
		};
		36A398EB227556DC00540B47 /* CustomNavigationBarAlphaProjectUITests */ = {
			isa = PBXNativeTarget;
			buildConfigurationList = 36A398FB227556DC00540B47 /* Build configuration list for PBXNativeTarget "CustomNavigationBarAlphaProjectUITests" */;
			buildPhases = (
				36A398E8227556DC00540B47 /* Sources */,
				36A398E9227556DC00540B47 /* Frameworks */,
				36A398EA227556DC00540B47 /* Resources */,
			);
			buildRules = (
			);
			dependencies = (
				36A398EE227556DC00540B47 /* PBXTargetDependency */,
			);
			name = CustomNavigationBarAlphaProjectUITests;
			productName = CustomNavigationBarAlphaProjectUITests;
			productReference = 36A398EC227556DC00540B47 /* CustomNavigationBarAlphaProjectUITests.xctest */;
			productType = "com.apple.product-type.bundle.ui-testing";
		};
/* End PBXNativeTarget section */

/* Begin PBXProject section */
		36A398C5227556DA00540B47 /* Project object */ = {
			isa = PBXProject;
			attributes = {
				LastSwiftUpdateCheck = 1020;
				LastUpgradeCheck = 1020;
				ORGANIZATIONNAME = ZZJ;
				TargetAttributes = {
					36A398CC227556DA00540B47 = {
						CreatedOnToolsVersion = 10.2;
					};
					36A398E0227556DC00540B47 = {
						CreatedOnToolsVersion = 10.2;
						TestTargetID = 36A398CC227556DA00540B47;
					};
					36A398EB227556DC00540B47 = {
						CreatedOnToolsVersion = 10.2;
						TestTargetID = 36A398CC227556DA00540B47;
					};
				};
			};
			buildConfigurationList = 36A398C8227556DA00540B47 /* Build configuration list for PBXProject "CustomNavigationBarAlphaProject" */;
			compatibilityVersion = "Xcode 9.3";
			developmentRegion = en;
			hasScannedForEncodings = 0;
			knownRegions = (
				en,
				Base,
			);
			mainGroup = 36A398C4227556DA00540B47;
			productRefGroup = 36A398CE227556DA00540B47 /* Products */;
			projectDirPath = "";
			projectRoot = "";
			targets = (
				36A398CC227556DA00540B47 /* CustomNavigationBarAlphaProject */,
				36A398E0227556DC00540B47 /* CustomNavigationBarAlphaProjectTests */,
				36A398EB227556DC00540B47 /* CustomNavigationBarAlphaProjectUITests */,
			);
		};
/* End PBXProject section */

/* Begin PBXResourcesBuildPhase section */
		36A398CB227556DA00540B47 /* Resources */ = {
			isa = PBXResourcesBuildPhase;
			buildActionMask = 2147483647;
			files = (
				36A398DB227556DC00540B47 /* LaunchScreen.storyboard in Resources */,
				36A398D8227556DC00540B47 /* Assets.xcassets in Resources */,
				36A398D6227556DA00540B47 /* Main.storyboard in Resources */,
			);
			runOnlyForDeploymentPostprocessing = 0;
		};
		36A398DF227556DC00540B47 /* Resources */ = {
			isa = PBXResourcesBuildPhase;
			buildActionMask = 2147483647;
			files = (
			);
			runOnlyForDeploymentPostprocessing = 0;
		};
		36A398EA227556DC00540B47 /* Resources */ = {
			isa = PBXResourcesBuildPhase;
			buildActionMask = 2147483647;
			files = (
			);
			runOnlyForDeploymentPostprocessing = 0;
		};
/* End PBXResourcesBuildPhase section */

/* Begin PBXSourcesBuildPhase section */
		36A398C9227556DA00540B47 /* Sources */ = {
			isa = PBXSourcesBuildPhase;
			buildActionMask = 2147483647;
			files = (
				36A39901227573AA00540B47 /* Macro.swift in Sources */,
				36A398FF2275722B00540B47 /* CustomNavigationBar.swift in Sources */,
				36A398D3227556DA00540B47 /* ViewController.swift in Sources */,
				36A398D1227556DA00540B47 /* AppDelegate.swift in Sources */,
			);
			runOnlyForDeploymentPostprocessing = 0;
		};
		36A398DD227556DC00540B47 /* Sources */ = {
			isa = PBXSourcesBuildPhase;
			buildActionMask = 2147483647;
			files = (
				36A398E6227556DC00540B47 /* CustomNavigationBarAlphaProjectTests.swift in Sources */,
			);
			runOnlyForDeploymentPostprocessing = 0;
		};
		36A398E8227556DC00540B47 /* Sources */ = {
			isa = PBXSourcesBuildPhase;
			buildActionMask = 2147483647;
			files = (
				36A398F1227556DC00540B47 /* CustomNavigationBarAlphaProjectUITests.swift in Sources */,
			);
			runOnlyForDeploymentPostprocessing = 0;
		};
/* End PBXSourcesBuildPhase section */

/* Begin PBXTargetDependency section */
		36A398E3227556DC00540B47 /* PBXTargetDependency */ = {
			isa = PBXTargetDependency;
			target = 36A398CC227556DA00540B47 /* CustomNavigationBarAlphaProject */;
			targetProxy = 36A398E2227556DC00540B47 /* PBXContainerItemProxy */;
		};
		36A398EE227556DC00540B47 /* PBXTargetDependency */ = {
			isa = PBXTargetDependency;
			target = 36A398CC227556DA00540B47 /* CustomNavigationBarAlphaProject */;
			targetProxy = 36A398ED227556DC00540B47 /* PBXContainerItemProxy */;
		};
/* End PBXTargetDependency section */

/* Begin PBXVariantGroup section */
		36A398D4227556DA00540B47 /* Main.storyboard */ = {
			isa = PBXVariantGroup;
			children = (
				36A398D5227556DA00540B47 /* Base */,
			);
			name = Main.storyboard;
			sourceTree = "<group>";
		};
		36A398D9227556DC00540B47 /* LaunchScreen.storyboard */ = {
			isa = PBXVariantGroup;
			children = (
				36A398DA227556DC00540B47 /* Base */,
			);
			name = LaunchScreen.storyboard;
			sourceTree = "<group>";
		};
/* End PBXVariantGroup section */

/* Begin XCBuildConfiguration section */
		36A398F3227556DC00540B47 /* Debug */ = {
			isa = XCBuildConfiguration;
			buildSettings = {
				ALWAYS_SEARCH_USER_PATHS = NO;
				CLANG_ANALYZER_NONNULL = YES;
				CLANG_ANALYZER_NUMBER_OBJECT_CONVERSION = YES_AGGRESSIVE;
				CLANG_CXX_LANGUAGE_STANDARD = "gnu++14";
				CLANG_CXX_LIBRARY = "libc++";
				CLANG_ENABLE_MODULES = YES;
				CLANG_ENABLE_OBJC_ARC = YES;
				CLANG_ENABLE_OBJC_WEAK = YES;
				CLANG_WARN_BLOCK_CAPTURE_AUTORELEASING = YES;
				CLANG_WARN_BOOL_CONVERSION = YES;
				CLANG_WARN_COMMA = YES;
				CLANG_WARN_CONSTANT_CONVERSION = YES;
				CLANG_WARN_DEPRECATED_OBJC_IMPLEMENTATIONS = YES;
				CLANG_WARN_DIRECT_OBJC_ISA_USAGE = YES_ERROR;
				CLANG_WARN_DOCUMENTATION_COMMENTS = YES;
				CLANG_WARN_EMPTY_BODY = YES;
				CLANG_WARN_ENUM_CONVERSION = YES;
				CLANG_WARN_INFINITE_RECURSION = YES;
				CLANG_WARN_INT_CONVERSION = YES;
				CLANG_WARN_NON_LITERAL_NULL_CONVERSION = YES;
				CLANG_WARN_OBJC_IMPLICIT_RETAIN_SELF = YES;
				CLANG_WARN_OBJC_LITERAL_CONVERSION = YES;
				CLANG_WARN_OBJC_ROOT_CLASS = YES_ERROR;
				CLANG_WARN_RANGE_LOOP_ANALYSIS = YES;
				CLANG_WARN_STRICT_PROTOTYPES = YES;
				CLANG_WARN_SUSPICIOUS_MOVE = YES;
				CLANG_WARN_UNGUARDED_AVAILABILITY = YES_AGGRESSIVE;
				CLANG_WARN_UNREACHABLE_CODE = YES;
				CLANG_WARN__DUPLICATE_METHOD_MATCH = YES;
				CODE_SIGN_IDENTITY = "iPhone Developer";
				COPY_PHASE_STRIP = NO;
				DEBUG_INFORMATION_FORMAT = dwarf;
				ENABLE_STRICT_OBJC_MSGSEND = YES;
				ENABLE_TESTABILITY = YES;
				GCC_C_LANGUAGE_STANDARD = gnu11;
				GCC_DYNAMIC_NO_PIC = NO;
				GCC_NO_COMMON_BLOCKS = YES;
				GCC_OPTIMIZATION_LEVEL = 0;
				GCC_PREPROCESSOR_DEFINITIONS = (
					"DEBUG=1",
					"$(inherited)",
				);
				GCC_WARN_64_TO_32_BIT_CONVERSION = YES;
				GCC_WARN_ABOUT_RETURN_TYPE = YES_ERROR;
				GCC_WARN_UNDECLARED_SELECTOR = YES;
				GCC_WARN_UNINITIALIZED_AUTOS = YES_AGGRESSIVE;
				GCC_WARN_UNUSED_FUNCTION = YES;
				GCC_WARN_UNUSED_VARIABLE = YES;
				IPHONEOS_DEPLOYMENT_TARGET = 12.2;
				MTL_ENABLE_DEBUG_INFO = INCLUDE_SOURCE;
				MTL_FAST_MATH = YES;
				ONLY_ACTIVE_ARCH = YES;
				SDKROOT = iphoneos;
				SWIFT_ACTIVE_COMPILATION_CONDITIONS = DEBUG;
				SWIFT_OPTIMIZATION_LEVEL = "-Onone";
			};
			name = Debug;
		};
		36A398F4227556DC00540B47 /* Release */ = {
			isa = XCBuildConfiguration;
			buildSettings = {
				ALWAYS_SEARCH_USER_PATHS = NO;
				CLANG_ANALYZER_NONNULL = YES;
				CLANG_ANALYZER_NUMBER_OBJECT_CONVERSION = YES_AGGRESSIVE;
				CLANG_CXX_LANGUAGE_STANDARD = "gnu++14";
				CLANG_CXX_LIBRARY = "libc++";
				CLANG_ENABLE_MODULES = YES;
				CLANG_ENABLE_OBJC_ARC = YES;
				CLANG_ENABLE_OBJC_WEAK = YES;
				CLANG_WARN_BLOCK_CAPTURE_AUTORELEASING = YES;
				CLANG_WARN_BOOL_CONVERSION = YES;
				CLANG_WARN_COMMA = YES;
				CLANG_WARN_CONSTANT_CONVERSION = YES;
				CLANG_WARN_DEPRECATED_OBJC_IMPLEMENTATIONS = YES;
				CLANG_WARN_DIRECT_OBJC_ISA_USAGE = YES_ERROR;
				CLANG_WARN_DOCUMENTATION_COMMENTS = YES;
				CLANG_WARN_EMPTY_BODY = YES;
				CLANG_WARN_ENUM_CONVERSION = YES;
				CLANG_WARN_INFINITE_RECURSION = YES;
				CLANG_WARN_INT_CONVERSION = YES;
				CLANG_WARN_NON_LITERAL_NULL_CONVERSION = YES;
				CLANG_WARN_OBJC_IMPLICIT_RETAIN_SELF = YES;
				CLANG_WARN_OBJC_LITERAL_CONVERSION = YES;
				CLANG_WARN_OBJC_ROOT_CLASS = YES_ERROR;
				CLANG_WARN_RANGE_LOOP_ANALYSIS = YES;
				CLANG_WARN_STRICT_PROTOTYPES = YES;
				CLANG_WARN_SUSPICIOUS_MOVE = YES;
				CLANG_WARN_UNGUARDED_AVAILABILITY = YES_AGGRESSIVE;
				CLANG_WARN_UNREACHABLE_CODE = YES;
				CLANG_WARN__DUPLICATE_METHOD_MATCH = YES;
				CODE_SIGN_IDENTITY = "iPhone Developer";
				COPY_PHASE_STRIP = NO;
				DEBUG_INFORMATION_FORMAT = "dwarf-with-dsym";
				ENABLE_NS_ASSERTIONS = NO;
				ENABLE_STRICT_OBJC_MSGSEND = YES;
				GCC_C_LANGUAGE_STANDARD = gnu11;
				GCC_NO_COMMON_BLOCKS = YES;
				GCC_WARN_64_TO_32_BIT_CONVERSION = YES;
				GCC_WARN_ABOUT_RETURN_TYPE = YES_ERROR;
				GCC_WARN_UNDECLARED_SELECTOR = YES;
				GCC_WARN_UNINITIALIZED_AUTOS = YES_AGGRESSIVE;
				GCC_WARN_UNUSED_FUNCTION = YES;
				GCC_WARN_UNUSED_VARIABLE = YES;
				IPHONEOS_DEPLOYMENT_TARGET = 12.2;
				MTL_ENABLE_DEBUG_INFO = NO;
				MTL_FAST_MATH = YES;
				SDKROOT = iphoneos;
				SWIFT_COMPILATION_MODE = wholemodule;
				SWIFT_OPTIMIZATION_LEVEL = "-O";
				VALIDATE_PRODUCT = YES;
			};
			name = Release;
		};
		36A398F6227556DC00540B47 /* Debug */ = {
			isa = XCBuildConfiguration;
			buildSettings = {
				ASSETCATALOG_COMPILER_APPICON_NAME = AppIcon;
				CODE_SIGN_STYLE = Automatic;
				DEVELOPMENT_TEAM = HHBWV8ZU9T;
				INFOPLIST_FILE = CustomNavigationBarAlphaProject/Info.plist;
				IPHONEOS_DEPLOYMENT_TARGET = 8.0;
				LD_RUNPATH_SEARCH_PATHS = (
					"$(inherited)",
					"@executable_path/Frameworks",
				);
				PRODUCT_BUNDLE_IDENTIFIER = com.FullScreenAd.CustomNavigationBarAlphaProject;
				PRODUCT_NAME = "$(TARGET_NAME)";
				SWIFT_VERSION = 5.0;
				TARGETED_DEVICE_FAMILY = "1,2";
			};
			name = Debug;
		};
		36A398F7227556DC00540B47 /* Release */ = {
			isa = XCBuildConfiguration;
			buildSettings = {
				ASSETCATALOG_COMPILER_APPICON_NAME = AppIcon;
				CODE_SIGN_STYLE = Automatic;
				DEVELOPMENT_TEAM = HHBWV8ZU9T;
				INFOPLIST_FILE = CustomNavigationBarAlphaProject/Info.plist;
				IPHONEOS_DEPLOYMENT_TARGET = 8.0;
				LD_RUNPATH_SEARCH_PATHS = (
					"$(inherited)",
					"@executable_path/Frameworks",
				);
				PRODUCT_BUNDLE_IDENTIFIER = com.FullScreenAd.CustomNavigationBarAlphaProject;
				PRODUCT_NAME = "$(TARGET_NAME)";
				SWIFT_VERSION = 5.0;
				TARGETED_DEVICE_FAMILY = "1,2";
			};
			name = Release;
		};
		36A398F9227556DC00540B47 /* Debug */ = {
			isa = XCBuildConfiguration;
			buildSettings = {
				ALWAYS_EMBED_SWIFT_STANDARD_LIBRARIES = YES;
				BUNDLE_LOADER = "$(TEST_HOST)";
				CODE_SIGN_STYLE = Automatic;
				DEVELOPMENT_TEAM = HHBWV8ZU9T;
				INFOPLIST_FILE = CustomNavigationBarAlphaProjectTests/Info.plist;
				LD_RUNPATH_SEARCH_PATHS = (
					"$(inherited)",
					"@executable_path/Frameworks",
					"@loader_path/Frameworks",
				);
				PRODUCT_BUNDLE_IDENTIFIER = com.FullScreenAd.CustomNavigationBarAlphaProjectTests;
				PRODUCT_NAME = "$(TARGET_NAME)";
				SWIFT_VERSION = 5.0;
				TARGETED_DEVICE_FAMILY = "1,2";
				TEST_HOST = "$(BUILT_PRODUCTS_DIR)/CustomNavigationBarAlphaProject.app/CustomNavigationBarAlphaProject";
			};
			name = Debug;
		};
		36A398FA227556DC00540B47 /* Release */ = {
			isa = XCBuildConfiguration;
			buildSettings = {
				ALWAYS_EMBED_SWIFT_STANDARD_LIBRARIES = YES;
				BUNDLE_LOADER = "$(TEST_HOST)";
				CODE_SIGN_STYLE = Automatic;
				DEVELOPMENT_TEAM = HHBWV8ZU9T;
				INFOPLIST_FILE = CustomNavigationBarAlphaProjectTests/Info.plist;
				LD_RUNPATH_SEARCH_PATHS = (
					"$(inherited)",
					"@executable_path/Frameworks",
					"@loader_path/Frameworks",
				);
				PRODUCT_BUNDLE_IDENTIFIER = com.FullScreenAd.CustomNavigationBarAlphaProjectTests;
				PRODUCT_NAME = "$(TARGET_NAME)";
				SWIFT_VERSION = 5.0;
				TARGETED_DEVICE_FAMILY = "1,2";
				TEST_HOST = "$(BUILT_PRODUCTS_DIR)/CustomNavigationBarAlphaProject.app/CustomNavigationBarAlphaProject";
			};
			name = Release;
		};
		36A398FC227556DC00540B47 /* Debug */ = {
			isa = XCBuildConfiguration;
			buildSettings = {
				ALWAYS_EMBED_SWIFT_STANDARD_LIBRARIES = YES;
				CODE_SIGN_STYLE = Automatic;
				DEVELOPMENT_TEAM = HHBWV8ZU9T;
				INFOPLIST_FILE = CustomNavigationBarAlphaProjectUITests/Info.plist;
				LD_RUNPATH_SEARCH_PATHS = (
					"$(inherited)",
					"@executable_path/Frameworks",
					"@loader_path/Frameworks",
				);
				PRODUCT_BUNDLE_IDENTIFIER = com.FullScreenAd.CustomNavigationBarAlphaProjectUITests;
				PRODUCT_NAME = "$(TARGET_NAME)";
				SWIFT_VERSION = 5.0;
				TARGETED_DEVICE_FAMILY = "1,2";
				TEST_TARGET_NAME = CustomNavigationBarAlphaProject;
			};
			name = Debug;
		};
		36A398FD227556DC00540B47 /* Release */ = {
			isa = XCBuildConfiguration;
			buildSettings = {
				ALWAYS_EMBED_SWIFT_STANDARD_LIBRARIES = YES;
				CODE_SIGN_STYLE = Automatic;
				DEVELOPMENT_TEAM = HHBWV8ZU9T;
				INFOPLIST_FILE = CustomNavigationBarAlphaProjectUITests/Info.plist;
				LD_RUNPATH_SEARCH_PATHS = (
					"$(inherited)",
					"@executable_path/Frameworks",
					"@loader_path/Frameworks",
				);
				PRODUCT_BUNDLE_IDENTIFIER = com.FullScreenAd.CustomNavigationBarAlphaProjectUITests;
				PRODUCT_NAME = "$(TARGET_NAME)";
				SWIFT_VERSION = 5.0;
				TARGETED_DEVICE_FAMILY = "1,2";
				TEST_TARGET_NAME = CustomNavigationBarAlphaProject;
			};
			name = Release;
		};
/* End XCBuildConfiguration section */

/* Begin XCConfigurationList section */
		36A398C8227556DA00540B47 /* Build configuration list for PBXProject "CustomNavigationBarAlphaProject" */ = {
			isa = XCConfigurationList;
			buildConfigurations = (
				36A398F3227556DC00540B47 /* Debug */,
				36A398F4227556DC00540B47 /* Release */,
			);
			defaultConfigurationIsVisible = 0;
			defaultConfigurationName = Release;
		};
		36A398F5227556DC00540B47 /* Build configuration list for PBXNativeTarget "CustomNavigationBarAlphaProject" */ = {
			isa = XCConfigurationList;
			buildConfigurations = (
				36A398F6227556DC00540B47 /* Debug */,
				36A398F7227556DC00540B47 /* Release */,
			);
			defaultConfigurationIsVisible = 0;
			defaultConfigurationName = Release;
		};
		36A398F8227556DC00540B47 /* Build configuration list for PBXNativeTarget "CustomNavigationBarAlphaProjectTests" */ = {
			isa = XCConfigurationList;
			buildConfigurations = (
				36A398F9227556DC00540B47 /* Debug */,
				36A398FA227556DC00540B47 /* Release */,
			);
			defaultConfigurationIsVisible = 0;
			defaultConfigurationName = Release;
		};
		36A398FB227556DC00540B47 /* Build configuration list for PBXNativeTarget "CustomNavigationBarAlphaProjectUITests" */ = {
			isa = XCConfigurationList;
			buildConfigurations = (
				36A398FC227556DC00540B47 /* Debug */,
				36A398FD227556DC00540B47 /* Release */,
			);
			defaultConfigurationIsVisible = 0;
			defaultConfigurationName = Release;
		};
/* End XCConfigurationList section */
	};
	rootObject = 36A398C5227556DA00540B47 /* Project object */;
}
